
Microsoft Visual Studio Solution File, Format Version 12.00
# Visual Studio 14
VisualStudioVersion = 14.0.25420.1
MinimumVisualStudioVersion = 10.0.40219.1
Project("{2150E333-8FDC-42A3-9474-1A3956D46DE8}") = "src", "src", "{762F1687-3461-481F-9CF6-EED426E3C75D}"
EndProject
Project("{2150E333-8FDC-42A3-9474-1A3956D46DE8}") = "tests", "tests", "{A5A89CBA-121E-4285-BD6B-A57248CBFCED}"
EndProject
Project("{8BB2217D-0F2D-49D1-97BC-3654ED321F3B}") = "Grace", "src\Grace\Grace.xproj", "{537E2325-0DD5-4CE8-B431-E452FEC31203}"
EndProject
Project("{8BB2217D-0F2D-49D1-97BC-3654ED321F3B}") = "Grace.Tests", "tests\Grace.Tests\Grace.Tests.xproj", "{2A5E8AF7-C99C-4BBC-BAB6-CDFD100853F6}"
EndProject
Project("{2150E333-8FDC-42A3-9474-1A3956D46DE8}") = "items", "items", "{F98BCD57-91D9-4B15-BC8E-D7E5BFAFA057}"
EndProject
Project("{2150E333-8FDC-42A3-9474-1A3956D46DE8}") = "Solution Items", "Solution Items", "{77C4F22F-AFC9-4307-A94F-519FF2DA89B7}"
	ProjectSection(SolutionItems) = preProject
		global.json = global.json
	EndProjectSection
EndProject
Project("{2150E333-8FDC-42A3-9474-1A3956D46DE8}") = "MVC", "MVC", "{69B854FB-A05A-4C7A-A0F7-4ACE8FBA13D8}"
EndProject
Project("{8BB2217D-0F2D-49D1-97BC-3654ED321F3B}") = "Grace.DependencyInjection.Extensions", "src\Grace.DependencyInjection.Extensions\Grace.DependencyInjection.Extensions.xproj", "{E90C215A-17CD-4501-8326-29CE1D434B2E}"
EndProject
Project("{8BB2217D-0F2D-49D1-97BC-3654ED321F3B}") = "Grace.AspNetCore.MVC", "src\Grace.AspNetCore.MVC\Grace.AspNetCore.MVC.xproj", "{93BF42DE-234D-49D8-8903-C3CB787976D0}"
EndProject
Project("{2150E333-8FDC-42A3-9474-1A3956D46DE8}") = "WCF", "WCF", "{A160B161-7BE1-468E-ACE3-90729FA0CB80}"
EndProject
Project("{8BB2217D-0F2D-49D1-97BC-3654ED321F3B}") = "Grace.WCF", "src\Grace.WCF\Grace.WCF.xproj", "{ED3FBDEE-BCE4-4567-9664-61442D4C6A04}"
EndProject
Project("{8BB2217D-0F2D-49D1-97BC-3654ED321F3B}") = "Grace.MVC5", "src\Grace.MVC5\Grace.MVC5.xproj", "{E3221AA8-0E84-4DB0-B6A4-C85ABDDB1A84}"
EndProject
Project("{2150E333-8FDC-42A3-9474-1A3956D46DE8}") = "Dynamic", "Dynamic", "{AFE4F03C-5A18-47E0-B58B-FFE07F3FE7C5}"
EndProject
Project("{8BB2217D-0F2D-49D1-97BC-3654ED321F3B}") = "Grace.Dynamic", "src\Grace.Dynamic\Grace.Dynamic.xproj", "{FE669DA9-617E-4513-A95C-625F3E1ADA66}"
EndProject
Project("{8BB2217D-0F2D-49D1-97BC-3654ED321F3B}") = "Grace.Dynamic.Console", "tests\Grace.Dynamic.Console\Grace.Dynamic.Console.xproj", "{7C36544F-B459-402A-8DF2-1922A58130A6}"
EndProject
Project("{8BB2217D-0F2D-49D1-97BC-3654ED321F3B}") = "Grace.MVC4", "src\Grace.MVC4\Grace.MVC4.xproj", "{E1F612B7-9BAD-445C-A07E-56036B54B18B}"
EndProject
Project("{8BB2217D-0F2D-49D1-97BC-3654ED321F3B}") = "Grace.AspNetCore.Hosting", "src\Grace.AspNetCore.Hosting\Grace.AspNetCore.Hosting.xproj", "{DD0B66A0-9654-4437-B8D5-6E03C4C0AE9C}"
EndProject
Global
	GlobalSection(SolutionConfigurationPlatforms) = preSolution
		Debug|Any CPU = Debug|Any CPU
		Release|Any CPU = Release|Any CPU
	EndGlobalSection
	GlobalSection(ProjectConfigurationPlatforms) = postSolution
		{537E2325-0DD5-4CE8-B431-E452FEC31203}.Debug|Any CPU.ActiveCfg = Debug|Any CPU
		{537E2325-0DD5-4CE8-B431-E452FEC31203}.Debug|Any CPU.Build.0 = Debug|Any CPU
		{537E2325-0DD5-4CE8-B431-E452FEC31203}.Release|Any CPU.ActiveCfg = Release|Any CPU
		{537E2325-0DD5-4CE8-B431-E452FEC31203}.Release|Any CPU.Build.0 = Release|Any CPU
		{2A5E8AF7-C99C-4BBC-BAB6-CDFD100853F6}.Debug|Any CPU.ActiveCfg = Debug|Any CPU
		{2A5E8AF7-C99C-4BBC-BAB6-CDFD100853F6}.Debug|Any CPU.Build.0 = Debug|Any CPU
		{2A5E8AF7-C99C-4BBC-BAB6-CDFD100853F6}.Release|Any CPU.ActiveCfg = Release|Any CPU
		{2A5E8AF7-C99C-4BBC-BAB6-CDFD100853F6}.Release|Any CPU.Build.0 = Release|Any CPU
		{E90C215A-17CD-4501-8326-29CE1D434B2E}.Debug|Any CPU.ActiveCfg = Debug|Any CPU
		{E90C215A-17CD-4501-8326-29CE1D434B2E}.Debug|Any CPU.Build.0 = Debug|Any CPU
		{E90C215A-17CD-4501-8326-29CE1D434B2E}.Release|Any CPU.ActiveCfg = Release|Any CPU
		{E90C215A-17CD-4501-8326-29CE1D434B2E}.Release|Any CPU.Build.0 = Release|Any CPU
		{93BF42DE-234D-49D8-8903-C3CB787976D0}.Debug|Any CPU.ActiveCfg = Debug|Any CPU
		{93BF42DE-234D-49D8-8903-C3CB787976D0}.Debug|Any CPU.Build.0 = Debug|Any CPU
		{93BF42DE-234D-49D8-8903-C3CB787976D0}.Release|Any CPU.ActiveCfg = Release|Any CPU
		{93BF42DE-234D-49D8-8903-C3CB787976D0}.Release|Any CPU.Build.0 = Release|Any CPU
		{ED3FBDEE-BCE4-4567-9664-61442D4C6A04}.Debug|Any CPU.ActiveCfg = Debug|Any CPU
		{ED3FBDEE-BCE4-4567-9664-61442D4C6A04}.Debug|Any CPU.Build.0 = Debug|Any CPU
		{ED3FBDEE-BCE4-4567-9664-61442D4C6A04}.Release|Any CPU.ActiveCfg = Release|Any CPU
		{ED3FBDEE-BCE4-4567-9664-61442D4C6A04}.Release|Any CPU.Build.0 = Release|Any CPU
		{E3221AA8-0E84-4DB0-B6A4-C85ABDDB1A84}.Debug|Any CPU.ActiveCfg = Debug|Any CPU
		{E3221AA8-0E84-4DB0-B6A4-C85ABDDB1A84}.Debug|Any CPU.Build.0 = Debug|Any CPU
		{E3221AA8-0E84-4DB0-B6A4-C85ABDDB1A84}.Release|Any CPU.ActiveCfg = Release|Any CPU
		{E3221AA8-0E84-4DB0-B6A4-C85ABDDB1A84}.Release|Any CPU.Build.0 = Release|Any CPU
		{FE669DA9-617E-4513-A95C-625F3E1ADA66}.Debug|Any CPU.ActiveCfg = Debug|Any CPU
		{FE669DA9-617E-4513-A95C-625F3E1ADA66}.Debug|Any CPU.Build.0 = Debug|Any CPU
		{FE669DA9-617E-4513-A95C-625F3E1ADA66}.Release|Any CPU.ActiveCfg = Release|Any CPU
		{FE669DA9-617E-4513-A95C-625F3E1ADA66}.Release|Any CPU.Build.0 = Release|Any CPU
		{7C36544F-B459-402A-8DF2-1922A58130A6}.Debug|Any CPU.ActiveCfg = Debug|Any CPU
		{7C36544F-B459-402A-8DF2-1922A58130A6}.Debug|Any CPU.Build.0 = Debug|Any CPU
		{7C36544F-B459-402A-8DF2-1922A58130A6}.Release|Any CPU.ActiveCfg = Release|Any CPU
		{7C36544F-B459-402A-8DF2-1922A58130A6}.Release|Any CPU.Build.0 = Release|Any CPU
		{E1F612B7-9BAD-445C-A07E-56036B54B18B}.Debug|Any CPU.ActiveCfg = Debug|Any CPU
		{E1F612B7-9BAD-445C-A07E-56036B54B18B}.Debug|Any CPU.Build.0 = Debug|Any CPU
		{E1F612B7-9BAD-445C-A07E-56036B54B18B}.Release|Any CPU.ActiveCfg = Release|Any CPU
		{E1F612B7-9BAD-445C-A07E-56036B54B18B}.Release|Any CPU.Build.0 = Release|Any CPU
		{DD0B66A0-9654-4437-B8D5-6E03C4C0AE9C}.Debug|Any CPU.ActiveCfg = Debug|Any CPU
		{DD0B66A0-9654-4437-B8D5-6E03C4C0AE9C}.Debug|Any CPU.Build.0 = Debug|Any CPU
		{DD0B66A0-9654-4437-B8D5-6E03C4C0AE9C}.Release|Any CPU.ActiveCfg = Release|Any CPU
		{DD0B66A0-9654-4437-B8D5-6E03C4C0AE9C}.Release|Any CPU.Build.0 = Release|Any CPU
	EndGlobalSection
	GlobalSection(SolutionProperties) = preSolution
		HideSolutionNode = FALSE
	EndGlobalSection
	GlobalSection(NestedProjects) = preSolution
		{537E2325-0DD5-4CE8-B431-E452FEC31203} = {762F1687-3461-481F-9CF6-EED426E3C75D}
		{2A5E8AF7-C99C-4BBC-BAB6-CDFD100853F6} = {A5A89CBA-121E-4285-BD6B-A57248CBFCED}
		{69B854FB-A05A-4C7A-A0F7-4ACE8FBA13D8} = {762F1687-3461-481F-9CF6-EED426E3C75D}
		{E90C215A-17CD-4501-8326-29CE1D434B2E} = {69B854FB-A05A-4C7A-A0F7-4ACE8FBA13D8}
		{93BF42DE-234D-49D8-8903-C3CB787976D0} = {69B854FB-A05A-4C7A-A0F7-4ACE8FBA13D8}
		{A160B161-7BE1-468E-ACE3-90729FA0CB80} = {762F1687-3461-481F-9CF6-EED426E3C75D}
		{ED3FBDEE-BCE4-4567-9664-61442D4C6A04} = {A160B161-7BE1-468E-ACE3-90729FA0CB80}
		{E3221AA8-0E84-4DB0-B6A4-C85ABDDB1A84} = {69B854FB-A05A-4C7A-A0F7-4ACE8FBA13D8}
		{AFE4F03C-5A18-47E0-B58B-FFE07F3FE7C5} = {762F1687-3461-481F-9CF6-EED426E3C75D}
		{FE669DA9-617E-4513-A95C-625F3E1ADA66} = {AFE4F03C-5A18-47E0-B58B-FFE07F3FE7C5}
		{7C36544F-B459-402A-8DF2-1922A58130A6} = {A5A89CBA-121E-4285-BD6B-A57248CBFCED}
		{E1F612B7-9BAD-445C-A07E-56036B54B18B} = {69B854FB-A05A-4C7A-A0F7-4ACE8FBA13D8}
		{DD0B66A0-9654-4437-B8D5-6E03C4C0AE9C} = {69B854FB-A05A-4C7A-A0F7-4ACE8FBA13D8}
	EndGlobalSection
EndGlobal
