
Microsoft Visual Studio Solution File, Format Version 12.00
# Visual Studio 2013
VisualStudioVersion = 12.0.21005.1
MinimumVisualStudioVersion = 10.0.40219.1
Project("{FAE04EC0-301F-11D3-BF4B-00C04F79EFBC}") = "Grace.NugetUpdater", "Grace.NugetUpdater\Grace.NugetUpdater.csproj", "{BB8F0FBD-6048-4731-AF62-B259327F6BF6}"
EndProject
Project("{FAE04EC0-301F-11D3-BF4B-00C04F79EFBC}") = "Grace.VSIXPackageCreater", "Grace.VSIXPackageCreater\Grace.VSIXPackageCreater.csproj", "{0BE1FC51-338B-4155-8BE0-F00CC9AEACE2}"
EndProject
Global
	GlobalSection(SolutionConfigurationPlatforms) = preSolution
		Debug|Any CPU = Debug|Any CPU
		Release|Any CPU = Release|Any CPU
	EndGlobalSection
	GlobalSection(ProjectConfigurationPlatforms) = postSolution
		{BB8F0FBD-6048-4731-AF62-B259327F6BF6}.Debug|Any CPU.ActiveCfg = Debug|Any CPU
		{BB8F0FBD-6048-4731-AF62-B259327F6BF6}.Debug|Any CPU.Build.0 = Debug|Any CPU
		{BB8F0FBD-6048-4731-AF62-B259327F6BF6}.Release|Any CPU.ActiveCfg = Release|Any CPU
		{BB8F0FBD-6048-4731-AF62-B259327F6BF6}.Release|Any CPU.Build.0 = Release|Any CPU
		{0BE1FC51-338B-4155-8BE0-F00CC9AEACE2}.Debug|Any CPU.ActiveCfg = Debug|Any CPU
		{0BE1FC51-338B-4155-8BE0-F00CC9AEACE2}.Debug|Any CPU.Build.0 = Debug|Any CPU
		{0BE1FC51-338B-4155-8BE0-F00CC9AEACE2}.Release|Any CPU.ActiveCfg = Release|Any CPU
		{0BE1FC51-338B-4155-8BE0-F00CC9AEACE2}.Release|Any CPU.Build.0 = Release|Any CPU
	EndGlobalSection
	GlobalSection(SolutionProperties) = preSolution
		HideSolutionNode = FALSE
	EndGlobalSection
EndGlobal
