
Microsoft Visual Studio Solution File, Format Version 12.00
# Visual Studio 2013
VisualStudioVersion = 12.0.21005.1
MinimumVisualStudioVersion = 10.0.40219.1
Project("{FAE04EC0-301F-11D3-BF4B-00C04F79EFBC}") = "Grace.ExampleApp", "Grace.ExampleApp\Grace.ExampleApp.csproj", "{557129CF-7170-4673-B567-C7701199BEE5}"
EndProject
Project("{FAE04EC0-301F-11D3-BF4B-00C04F79EFBC}") = "Grace.ExampleApp.xUnitTests", "Grace.ExampleApp.xUnitTests\Grace.ExampleApp.xUnitTests.csproj", "{5A60ED43-F295-4F9E-8D5A-E3D17629ED89}"
EndProject
Project("{2150E333-8FDC-42A3-9474-1A3956D46DE8}") = ".nuget", ".nuget", "{90DE804D-3079-481F-87AA-708381B86BFB}"
	ProjectSection(SolutionItems) = preProject
		.nuget\packages.config = .nuget\packages.config
	EndProjectSection
EndProject
Project("{FAE04EC0-301F-11D3-BF4B-00C04F79EFBC}") = "Grace.ExampleApp.ReadmeGenerator", "Grace.ExampleApp.ReadmeGenerator\Grace.ExampleApp.ReadmeGenerator.csproj", "{C7C33294-211E-460A-9A49-E0BEEBB71FCA}"
EndProject
Global
	GlobalSection(SolutionConfigurationPlatforms) = preSolution
		Debug|Any CPU = Debug|Any CPU
		Release|Any CPU = Release|Any CPU
	EndGlobalSection
	GlobalSection(ProjectConfigurationPlatforms) = postSolution
		{557129CF-7170-4673-B567-C7701199BEE5}.Debug|Any CPU.ActiveCfg = Debug|Any CPU
		{557129CF-7170-4673-B567-C7701199BEE5}.Debug|Any CPU.Build.0 = Debug|Any CPU
		{557129CF-7170-4673-B567-C7701199BEE5}.Release|Any CPU.ActiveCfg = Release|Any CPU
		{557129CF-7170-4673-B567-C7701199BEE5}.Release|Any CPU.Build.0 = Release|Any CPU
		{5A60ED43-F295-4F9E-8D5A-E3D17629ED89}.Debug|Any CPU.ActiveCfg = Debug|Any CPU
		{5A60ED43-F295-4F9E-8D5A-E3D17629ED89}.Debug|Any CPU.Build.0 = Debug|Any CPU
		{5A60ED43-F295-4F9E-8D5A-E3D17629ED89}.Release|Any CPU.ActiveCfg = Release|Any CPU
		{5A60ED43-F295-4F9E-8D5A-E3D17629ED89}.Release|Any CPU.Build.0 = Release|Any CPU
		{C7C33294-211E-460A-9A49-E0BEEBB71FCA}.Debug|Any CPU.ActiveCfg = Debug|Any CPU
		{C7C33294-211E-460A-9A49-E0BEEBB71FCA}.Debug|Any CPU.Build.0 = Debug|Any CPU
		{C7C33294-211E-460A-9A49-E0BEEBB71FCA}.Release|Any CPU.ActiveCfg = Release|Any CPU
		{C7C33294-211E-460A-9A49-E0BEEBB71FCA}.Release|Any CPU.Build.0 = Release|Any CPU
	EndGlobalSection
	GlobalSection(SolutionProperties) = preSolution
		HideSolutionNode = FALSE
	EndGlobalSection
EndGlobal
