
Microsoft Visual Studio Solution File, Format Version 12.00
# Visual Studio 2012
Project("{7CF6DF6D-3B04-46F8-A40B-537D21BCA0B4}") = "Grace.Documentation", "Grace.Documentation\Grace.Documentation.shfbproj", "{9C95D4BC-1AA5-4BD0-B750-32E2DDC29E2A}"
	ProjectSection(ProjectDependencies) = postProject
		{0D71ED58-99E1-4550-BC68-7428365AC171} = {0D71ED58-99E1-4550-BC68-7428365AC171}
	EndProjectSection
EndProject
Project("{FAE04EC0-301F-11D3-BF4B-00C04F79EFBC}") = "DummyProject", "DummyProject\DummyProject.csproj", "{0D71ED58-99E1-4550-BC68-7428365AC171}"
EndProject
Project("{FAE04EC0-301F-11D3-BF4B-00C04F79EFBC}") = "DocumentationSite", "DocumentationSite\DocumentationSite.csproj", "{729FB7CA-9FA2-4E76-8186-5F99C25248C6}"
EndProject
Global
	GlobalSection(TeamFoundationVersionControl) = preSolution
		SccNumberOfProjects = 4
		SccEnterpriseProvider = {4CA58AB2-18FA-4F8D-95D4-32DDF27D184C}
		SccTeamFoundationServer = https://tfs.codeplex.com/tfs/tfs11
		SccLocalPath0 = .
		SccProjectUniqueName1 = Grace.Documentation\\Grace.Documentation.shfbproj
		SccProjectName1 = Grace.Documentation
		SccLocalPath1 = Grace.Documentation
		SccProjectUniqueName2 = DummyProject\\DummyProject.csproj
		SccProjectName2 = DummyProject
		SccLocalPath2 = DummyProject
		SccProjectUniqueName3 = DocumentationSite\\DocumentationSite.csproj
		SccProjectName3 = DocumentationSite
		SccLocalPath3 = DocumentationSite
	EndGlobalSection
	GlobalSection(SolutionConfigurationPlatforms) = preSolution
		Debug|Any CPU = Debug|Any CPU
		Release|Any CPU = Release|Any CPU
	EndGlobalSection
	GlobalSection(ProjectConfigurationPlatforms) = postSolution
		{9C95D4BC-1AA5-4BD0-B750-32E2DDC29E2A}.Debug|Any CPU.ActiveCfg = Debug|Any CPU
		{9C95D4BC-1AA5-4BD0-B750-32E2DDC29E2A}.Debug|Any CPU.Build.0 = Debug|Any CPU
		{9C95D4BC-1AA5-4BD0-B750-32E2DDC29E2A}.Release|Any CPU.ActiveCfg = Release|Any CPU
		{9C95D4BC-1AA5-4BD0-B750-32E2DDC29E2A}.Release|Any CPU.Build.0 = Release|Any CPU
		{0D71ED58-99E1-4550-BC68-7428365AC171}.Debug|Any CPU.ActiveCfg = Debug|Any CPU
		{0D71ED58-99E1-4550-BC68-7428365AC171}.Debug|Any CPU.Build.0 = Debug|Any CPU
		{0D71ED58-99E1-4550-BC68-7428365AC171}.Release|Any CPU.ActiveCfg = Release|Any CPU
		{0D71ED58-99E1-4550-BC68-7428365AC171}.Release|Any CPU.Build.0 = Release|Any CPU
		{729FB7CA-9FA2-4E76-8186-5F99C25248C6}.Debug|Any CPU.ActiveCfg = Debug|Any CPU
		{729FB7CA-9FA2-4E76-8186-5F99C25248C6}.Debug|Any CPU.Build.0 = Debug|Any CPU
		{729FB7CA-9FA2-4E76-8186-5F99C25248C6}.Release|Any CPU.ActiveCfg = Release|Any CPU
		{729FB7CA-9FA2-4E76-8186-5F99C25248C6}.Release|Any CPU.Build.0 = Release|Any CPU
	EndGlobalSection
	GlobalSection(SolutionProperties) = preSolution
		HideSolutionNode = FALSE
	EndGlobalSection
EndGlobal
